
Microsoft Visual Studio Solution File, Format Version 12.00
# Visual Studio 15
VisualStudioVersion = 15.0.27130.2024
MinimumVisualStudioVersion = 10.0.40219.1
Project("{9092AA53-FB77-4645-B42D-1CCCA6BD08BD}") = "Naivechain", "naivechain\Naivechain.njsproj", "{8B94B7FC-1593-4B9F-B313-855ACF5A1E43}"
EndProject
Project("{9A19103F-16F7-4668-BE54-9A1E7A4F7556}") = "P2PPrototocol", "P2PPrototocol\P2PPrototocol.csproj", "{E956B153-FDF7-465C-BC08-60371C9D6E81}"
EndProject
Project("{2150E333-8FDC-42A3-9474-1A3956D46DE8}") = "Solution Items", "Solution Items", "{7C44C0AB-3093-4EBE-92E3-078B9EE54D15}"
	ProjectSection(SolutionItems) = preProject
		..\documentation\GraphChain.js\main.js = ..\documentation\GraphChain.js\main.js
		README.md = README.md
	EndProjectSection
EndProject
Project("{FAE04EC0-301F-11D3-BF4B-00C04F79EFBC}") = "P2PProtocolUnitTest", "P2PProtocolUnitTest\P2PProtocolUnitTest.csproj", "{E715A33C-AB2B-46D6-85FC-0B14E1089456}"
EndProject
Project("{FAE04EC0-301F-11D3-BF4B-00C04F79EFBC}") = "Host", "Host\Host.csproj", "{44B502AA-1C6B-4440-B9BE-3E42F4F1CC31}"
EndProject
Global
	GlobalSection(SolutionConfigurationPlatforms) = preSolution
		Debug|Any CPU = Debug|Any CPU
		Release|Any CPU = Release|Any CPU
	EndGlobalSection
	GlobalSection(ProjectConfigurationPlatforms) = postSolution
		{8B94B7FC-1593-4B9F-B313-855ACF5A1E43}.Debug|Any CPU.ActiveCfg = Debug|Any CPU
		{8B94B7FC-1593-4B9F-B313-855ACF5A1E43}.Debug|Any CPU.Build.0 = Debug|Any CPU
		{8B94B7FC-1593-4B9F-B313-855ACF5A1E43}.Release|Any CPU.ActiveCfg = Release|Any CPU
		{8B94B7FC-1593-4B9F-B313-855ACF5A1E43}.Release|Any CPU.Build.0 = Release|Any CPU
		{E956B153-FDF7-465C-BC08-60371C9D6E81}.Debug|Any CPU.ActiveCfg = Debug|Any CPU
		{E956B153-FDF7-465C-BC08-60371C9D6E81}.Debug|Any CPU.Build.0 = Debug|Any CPU
		{E956B153-FDF7-465C-BC08-60371C9D6E81}.Release|Any CPU.ActiveCfg = Release|Any CPU
		{E956B153-FDF7-465C-BC08-60371C9D6E81}.Release|Any CPU.Build.0 = Release|Any CPU
		{E715A33C-AB2B-46D6-85FC-0B14E1089456}.Debug|Any CPU.ActiveCfg = Debug|Any CPU
		{E715A33C-AB2B-46D6-85FC-0B14E1089456}.Debug|Any CPU.Build.0 = Debug|Any CPU
		{E715A33C-AB2B-46D6-85FC-0B14E1089456}.Release|Any CPU.ActiveCfg = Release|Any CPU
		{E715A33C-AB2B-46D6-85FC-0B14E1089456}.Release|Any CPU.Build.0 = Release|Any CPU
		{44B502AA-1C6B-4440-B9BE-3E42F4F1CC31}.Debug|Any CPU.ActiveCfg = Debug|Any CPU
		{44B502AA-1C6B-4440-B9BE-3E42F4F1CC31}.Debug|Any CPU.Build.0 = Debug|Any CPU
		{44B502AA-1C6B-4440-B9BE-3E42F4F1CC31}.Release|Any CPU.ActiveCfg = Release|Any CPU
		{44B502AA-1C6B-4440-B9BE-3E42F4F1CC31}.Release|Any CPU.Build.0 = Release|Any CPU
	EndGlobalSection
	GlobalSection(SolutionProperties) = preSolution
		HideSolutionNode = FALSE
	EndGlobalSection
	GlobalSection(ExtensibilityGlobals) = postSolution
		SolutionGuid = {18B0A641-ED98-4EBB-A4AF-902701ED4595}
	EndGlobalSection
EndGlobal
